
Microsoft Visual Studio Solution File, Format Version 12.00
# Visual Studio Version 16
VisualStudioVersion = 16.0.32930.78
MinimumVisualStudioVersion = 10.0.40219.1
Project("{9A19103F-16F7-4668-BE54-9A1E7A4F7556}") = "StockApi", "StockApi\StockApi.csproj", "{649714B1-0677-4710-9C85-2BCC3F4EF9A8}"
EndProject
Project("{FAE04EC0-301F-11D3-BF4B-00C04F79EFBC}") = "OrmLite", "OrmLite\OrmLite.csproj", "{A659697A-AD3B-4C4D-A334-E6E17844B948}"
EndProject
Global
	GlobalSection(SolutionConfigurationPlatforms) = preSolution
		Debug|Any CPU = Debug|Any CPU
		Release|Any CPU = Release|Any CPU
	EndGlobalSection
	GlobalSection(ProjectConfigurationPlatforms) = postSolution
		{649714B1-0677-4710-9C85-2BCC3F4EF9A8}.Debug|Any CPU.ActiveCfg = Debug|Any CPU
		{649714B1-0677-4710-9C85-2BCC3F4EF9A8}.Debug|Any CPU.Build.0 = Debug|Any CPU
		{649714B1-0677-4710-9C85-2BCC3F4EF9A8}.Release|Any CPU.ActiveCfg = Release|Any CPU
		{649714B1-0677-4710-9C85-2BCC3F4EF9A8}.Release|Any CPU.Build.0 = Release|Any CPU
		{A659697A-AD3B-4C4D-A334-E6E17844B948}.Debug|Any CPU.ActiveCfg = Debug|Any CPU
		{A659697A-AD3B-4C4D-A334-E6E17844B948}.Debug|Any CPU.Build.0 = Debug|Any CPU
		{A659697A-AD3B-4C4D-A334-E6E17844B948}.Release|Any CPU.ActiveCfg = Release|Any CPU
		{A659697A-AD3B-4C4D-A334-E6E17844B948}.Release|Any CPU.Build.0 = Release|Any CPU
	EndGlobalSection
	GlobalSection(SolutionProperties) = preSolution
		HideSolutionNode = FALSE
	EndGlobalSection
	GlobalSection(ExtensibilityGlobals) = postSolution
		SolutionGuid = {FB1A8A77-26D5-4B26-98E2-759D0C2C9097}
	EndGlobalSection
EndGlobal
